// !$*UTF8*$!
{
	archiveVersion = 1;
	classes = {
	};
	objectVersion = 46;
	objects = {

/* Begin PBXBuildFile section */
		7706DC3A1728FD2D00D765F3 /* UIKit.framework in Frameworks */ = {isa = PBXBuildFile; fileRef = 7706DC391728FD2D00D765F3 /* UIKit.framework */; };
		7706DC3C1728FD2D00D765F3 /* Foundation.framework in Frameworks */ = {isa = PBXBuildFile; fileRef = 7706DC3B1728FD2D00D765F3 /* Foundation.framework */; };
		7706DC3E1728FD2D00D765F3 /* CoreGraphics.framework in Frameworks */ = {isa = PBXBuildFile; fileRef = 7706DC3D1728FD2D00D765F3 /* CoreGraphics.framework */; };
		7706DC441728FD2D00D765F3 /* InfoPlist.strings in Resources */ = {isa = PBXBuildFile; fileRef = 7706DC421728FD2D00D765F3 /* InfoPlist.strings */; };
		7706DC461728FD2D00D765F3 /* main.m in Sources */ = {isa = PBXBuildFile; fileRef = 7706DC451728FD2D00D765F3 /* main.m */; };
		7706DC4A1728FD2D00D765F3 /* AppDelegate.m in Sources */ = {isa = PBXBuildFile; fileRef = 7706DC491728FD2D00D765F3 /* AppDelegate.m */; };
		7706DC4C1728FD2D00D765F3 /* Default.png in Resources */ = {isa = PBXBuildFile; fileRef = 7706DC4B1728FD2D00D765F3 /* Default.png */; };
		7706DC4E1728FD2D00D765F3 /* Default@2x.png in Resources */ = {isa = PBXBuildFile; fileRef = 7706DC4D1728FD2D00D765F3 /* Default@2x.png */; };
		7706DC501728FD2D00D765F3 /* Default-568h@2x.png in Resources */ = {isa = PBXBuildFile; fileRef = 7706DC4F1728FD2D00D765F3 /* Default-568h@2x.png */; };
		7706DC531728FD2D00D765F3 /* ViewController.m in Sources */ = {isa = PBXBuildFile; fileRef = 7706DC521728FD2D00D765F3 /* ViewController.m */; };
		7706DC561728FD2D00D765F3 /* ViewController.xib in Resources */ = {isa = PBXBuildFile; fileRef = 7706DC541728FD2D00D765F3 /* ViewController.xib */; };
		7706DC5E1728FD4700D765F3 /* DDFTextView.m in Sources */ = {isa = PBXBuildFile; fileRef = 7706DC5D1728FD4700D765F3 /* DDFTextView.m */; };
		7706DC7F172906E900D765F3 /* faceMap.plist in Resources */ = {isa = PBXBuildFile; fileRef = 7706DC60172906E900D765F3 /* faceMap.plist */; };
		7706DC80172906E900D765F3 /* jk01.png in Resources */ = {isa = PBXBuildFile; fileRef = 7706DC61172906E900D765F3 /* jk01.png */; };
		7706DC81172906E900D765F3 /* jk02.png in Resources */ = {isa = PBXBuildFile; fileRef = 7706DC62172906E900D765F3 /* jk02.png */; };
		7706DC82172906E900D765F3 /* jk03.png in Resources */ = {isa = PBXBuildFile; fileRef = 7706DC63172906E900D765F3 /* jk03.png */; };
		7706DC83172906E900D765F3 /* jk04.png in Resources */ = {isa = PBXBuildFile; fileRef = 7706DC64172906E900D765F3 /* jk04.png */; };
		7706DC84172906E900D765F3 /* jk05.png in Resources */ = {isa = PBXBuildFile; fileRef = 7706DC65172906E900D765F3 /* jk05.png */; };
		7706DC85172906E900D765F3 /* jk06.png in Resources */ = {isa = PBXBuildFile; fileRef = 7706DC66172906E900D765F3 /* jk06.png */; };
		7706DC86172906E900D765F3 /* jk07.png in Resources */ = {isa = PBXBuildFile; fileRef = 7706DC67172906E900D765F3 /* jk07.png */; };
		7706DC87172906E900D765F3 /* jk08.png in Resources */ = {isa = PBXBuildFile; fileRef = 7706DC68172906E900D765F3 /* jk08.png */; };
		7706DC88172906E900D765F3 /* jk09.png in Resources */ = {isa = PBXBuildFile; fileRef = 7706DC69172906E900D765F3 /* jk09.png */; };
		7706DC89172906E900D765F3 /* jk10.png in Resources */ = {isa = PBXBuildFile; fileRef = 7706DC6A172906E900D765F3 /* jk10.png */; };
		7706DC8A172906E900D765F3 /* jk11.png in Resources */ = {isa = PBXBuildFile; fileRef = 7706DC6B172906E900D765F3 /* jk11.png */; };
		7706DC8B172906E900D765F3 /* jk12.png in Resources */ = {isa = PBXBuildFile; fileRef = 7706DC6C172906E900D765F3 /* jk12.png */; };
		7706DC8C172906E900D765F3 /* jk13.png in Resources */ = {isa = PBXBuildFile; fileRef = 7706DC6D172906E900D765F3 /* jk13.png */; };
		7706DC8D172906E900D765F3 /* jk14.png in Resources */ = {isa = PBXBuildFile; fileRef = 7706DC6E172906E900D765F3 /* jk14.png */; };
		7706DC8E172906E900D765F3 /* jk15.png in Resources */ = {isa = PBXBuildFile; fileRef = 7706DC6F172906E900D765F3 /* jk15.png */; };
		7706DC8F172906E900D765F3 /* jk16.png in Resources */ = {isa = PBXBuildFile; fileRef = 7706DC70172906E900D765F3 /* jk16.png */; };
		7706DC90172906E900D765F3 /* jk17.png in Resources */ = {isa = PBXBuildFile; fileRef = 7706DC71172906E900D765F3 /* jk17.png */; };
		7706DC91172906E900D765F3 /* jk18.png in Resources */ = {isa = PBXBuildFile; fileRef = 7706DC72172906E900D765F3 /* jk18.png */; };
		7706DC92172906E900D765F3 /* jk19.png in Resources */ = {isa = PBXBuildFile; fileRef = 7706DC73172906E900D765F3 /* jk19.png */; };
		7706DC93172906E900D765F3 /* jk20.png in Resources */ = {isa = PBXBuildFile; fileRef = 7706DC74172906E900D765F3 /* jk20.png */; };
		7706DC94172906E900D765F3 /* jk21.png in Resources */ = {isa = PBXBuildFile; fileRef = 7706DC75172906E900D765F3 /* jk21.png */; };
		7706DC95172906E900D765F3 /* jk22.png in Resources */ = {isa = PBXBuildFile; fileRef = 7706DC76172906E900D765F3 /* jk22.png */; };
		7706DC96172906E900D765F3 /* jk23.png in Resources */ = {isa = PBXBuildFile; fileRef = 7706DC77172906E900D765F3 /* jk23.png */; };
		7706DC97172906E900D765F3 /* jk24.png in Resources */ = {isa = PBXBuildFile; fileRef = 7706DC78172906E900D765F3 /* jk24.png */; };
		7706DC98172906E900D765F3 /* jk25.png in Resources */ = {isa = PBXBuildFile; fileRef = 7706DC79172906E900D765F3 /* jk25.png */; };
		7706DC99172906E900D765F3 /* jk26.png in Resources */ = {isa = PBXBuildFile; fileRef = 7706DC7A172906E900D765F3 /* jk26.png */; };
		7706DC9A172906E900D765F3 /* jk27.png in Resources */ = {isa = PBXBuildFile; fileRef = 7706DC7B172906E900D765F3 /* jk27.png */; };
		7706DC9B172906E900D765F3 /* jk28.png in Resources */ = {isa = PBXBuildFile; fileRef = 7706DC7C172906E900D765F3 /* jk28.png */; };
		7706DC9C172906E900D765F3 /* jk29.png in Resources */ = {isa = PBXBuildFile; fileRef = 7706DC7D172906E900D765F3 /* jk29.png */; };
		7706DC9D172906E900D765F3 /* jk30.png in Resources */ = {isa = PBXBuildFile; fileRef = 7706DC7E172906E900D765F3 /* jk30.png */; };
/* End PBXBuildFile section */

/* Begin PBXFileReference section */
		7706DC361728FD2D00D765F3 /* DDFTextView.app */ = {isa = PBXFileReference; explicitFileType = wrapper.application; includeInIndex = 0; path = DDFTextView.app; sourceTree = BUILT_PRODUCTS_DIR; };
		7706DC391728FD2D00D765F3 /* UIKit.framework */ = {isa = PBXFileReference; lastKnownFileType = wrapper.framework; name = UIKit.framework; path = System/Library/Frameworks/UIKit.framework; sourceTree = SDKROOT; };
		7706DC3B1728FD2D00D765F3 /* Foundation.framework */ = {isa = PBXFileReference; lastKnownFileType = wrapper.framework; name = Foundation.framework; path = System/Library/Frameworks/Foundation.framework; sourceTree = SDKROOT; };
		7706DC3D1728FD2D00D765F3 /* CoreGraphics.framework */ = {isa = PBXFileReference; lastKnownFileType = wrapper.framework; name = CoreGraphics.framework; path = System/Library/Frameworks/CoreGraphics.framework; sourceTree = SDKROOT; };
		7706DC411728FD2D00D765F3 /* DDFTextView-Info.plist */ = {isa = PBXFileReference; lastKnownFileType = text.plist.xml; path = "DDFTextView-Info.plist"; sourceTree = "<group>"; };
		7706DC431728FD2D00D765F3 /* en */ = {isa = PBXFileReference; lastKnownFileType = text.plist.strings; name = en; path = en.lproj/InfoPlist.strings; sourceTree = "<group>"; };
		7706DC451728FD2D00D765F3 /* main.m */ = {isa = PBXFileReference; lastKnownFileType = sourcecode.c.objc; path = main.m; sourceTree = "<group>"; };
		7706DC471728FD2D00D765F3 /* DDFTextView-Prefix.pch */ = {isa = PBXFileReference; lastKnownFileType = sourcecode.c.h; path = "DDFTextView-Prefix.pch"; sourceTree = "<group>"; };
		7706DC481728FD2D00D765F3 /* AppDelegate.h */ = {isa = PBXFileReference; lastKnownFileType = sourcecode.c.h; path = AppDelegate.h; sourceTree = "<group>"; };
		7706DC491728FD2D00D765F3 /* AppDelegate.m */ = {isa = PBXFileReference; lastKnownFileType = sourcecode.c.objc; path = AppDelegate.m; sourceTree = "<group>"; };
		7706DC4B1728FD2D00D765F3 /* Default.png */ = {isa = PBXFileReference; lastKnownFileType = image.png; path = Default.png; sourceTree = "<group>"; };
		7706DC4D1728FD2D00D765F3 /* Default@2x.png */ = {isa = PBXFileReference; lastKnownFileType = image.png; path = "Default@2x.png"; sourceTree = "<group>"; };
		7706DC4F1728FD2D00D765F3 /* Default-568h@2x.png */ = {isa = PBXFileReference; lastKnownFileType = image.png; path = "Default-568h@2x.png"; sourceTree = "<group>"; };
		7706DC511728FD2D00D765F3 /* ViewController.h */ = {isa = PBXFileReference; lastKnownFileType = sourcecode.c.h; path = ViewController.h; sourceTree = "<group>"; };
		7706DC521728FD2D00D765F3 /* ViewController.m */ = {isa = PBXFileReference; lastKnownFileType = sourcecode.c.objc; path = ViewController.m; sourceTree = "<group>"; };
		7706DC551728FD2D00D765F3 /* en */ = {isa = PBXFileReference; lastKnownFileType = file.xib; name = en; path = en.lproj/ViewController.xib; sourceTree = "<group>"; };
		7706DC5C1728FD4700D765F3 /* DDFTextView.h */ = {isa = PBXFileReference; fileEncoding = 4; lastKnownFileType = sourcecode.c.h; path = DDFTextView.h; sourceTree = "<group>"; };
		7706DC5D1728FD4700D765F3 /* DDFTextView.m */ = {isa = PBXFileReference; fileEncoding = 4; lastKnownFileType = sourcecode.c.objc; path = DDFTextView.m; sourceTree = "<group>"; };
		7706DC60172906E900D765F3 /* faceMap.plist */ = {isa = PBXFileReference; fileEncoding = 4; lastKnownFileType = text.plist.xml; path = faceMap.plist; sourceTree = "<group>"; };
		7706DC61172906E900D765F3 /* jk01.png */ = {isa = PBXFileReference; lastKnownFileType = image.png; path = jk01.png; sourceTree = "<group>"; };
		7706DC62172906E900D765F3 /* jk02.png */ = {isa = PBXFileReference; lastKnownFileType = image.png; path = jk02.png; sourceTree = "<group>"; };
		7706DC63172906E900D765F3 /* jk03.png */ = {isa = PBXFileReference; lastKnownFileType = image.png; path = jk03.png; sourceTree = "<group>"; };
		7706DC64172906E900D765F3 /* jk04.png */ = {isa = PBXFileReference; lastKnownFileType = image.png; path = jk04.png; sourceTree = "<group>"; };
		7706DC65172906E900D765F3 /* jk05.png */ = {isa = PBXFileReference; lastKnownFileType = image.png; path = jk05.png; sourceTree = "<group>"; };
		7706DC66172906E900D765F3 /* jk06.png */ = {isa = PBXFileReference; lastKnownFileType = image.png; path = jk06.png; sourceTree = "<group>"; };
		7706DC67172906E900D765F3 /* jk07.png */ = {isa = PBXFileReference; lastKnownFileType = image.png; path = jk07.png; sourceTree = "<group>"; };
		7706DC68172906E900D765F3 /* jk08.png */ = {isa = PBXFileReference; lastKnownFileType = image.png; path = jk08.png; sourceTree = "<group>"; };
		7706DC69172906E900D765F3 /* jk09.png */ = {isa = PBXFileReference; lastKnownFileType = image.png; path = jk09.png; sourceTree = "<group>"; };
		7706DC6A172906E900D765F3 /* jk10.png */ = {isa = PBXFileReference; lastKnownFileType = image.png; path = jk10.png; sourceTree = "<group>"; };
		7706DC6B172906E900D765F3 /* jk11.png */ = {isa = PBXFileReference; lastKnownFileType = image.png; path = jk11.png; sourceTree = "<group>"; };
		7706DC6C172906E900D765F3 /* jk12.png */ = {isa = PBXFileReference; lastKnownFileType = image.png; path = jk12.png; sourceTree = "<group>"; };
		7706DC6D172906E900D765F3 /* jk13.png */ = {isa = PBXFileReference; lastKnownFileType = image.png; path = jk13.png; sourceTree = "<group>"; };
		7706DC6E172906E900D765F3 /* jk14.png */ = {isa = PBXFileReference; lastKnownFileType = image.png; path = jk14.png; sourceTree = "<group>"; };
		7706DC6F172906E900D765F3 /* jk15.png */ = {isa = PBXFileReference; lastKnownFileType = image.png; path = jk15.png; sourceTree = "<group>"; };
		7706DC70172906E900D765F3 /* jk16.png */ = {isa = PBXFileReference; lastKnownFileType = image.png; path = jk16.png; sourceTree = "<group>"; };
		7706DC71172906E900D765F3 /* jk17.png */ = {isa = PBXFileReference; lastKnownFileType = image.png; path = jk17.png; sourceTree = "<group>"; };
		7706DC72172906E900D765F3 /* jk18.png */ = {isa = PBXFileReference; lastKnownFileType = image.png; path = jk18.png; sourceTree = "<group>"; };
		7706DC73172906E900D765F3 /* jk19.png */ = {isa = PBXFileReference; lastKnownFileType = image.png; path = jk19.png; sourceTree = "<group>"; };
		7706DC74172906E900D765F3 /* jk20.png */ = {isa = PBXFileReference; lastKnownFileType = image.png; path = jk20.png; sourceTree = "<group>"; };
		7706DC75172906E900D765F3 /* jk21.png */ = {isa = PBXFileReference; lastKnownFileType = image.png; path = jk21.png; sourceTree = "<group>"; };
		7706DC76172906E900D765F3 /* jk22.png */ = {isa = PBXFileReference; lastKnownFileType = image.png; path = jk22.png; sourceTree = "<group>"; };
		7706DC77172906E900D765F3 /* jk23.png */ = {isa = PBXFileReference; lastKnownFileType = image.png; path = jk23.png; sourceTree = "<group>"; };
		7706DC78172906E900D765F3 /* jk24.png */ = {isa = PBXFileReference; lastKnownFileType = image.png; path = jk24.png; sourceTree = "<group>"; };
		7706DC79172906E900D765F3 /* jk25.png */ = {isa = PBXFileReference; lastKnownFileType = image.png; path = jk25.png; sourceTree = "<group>"; };
		7706DC7A172906E900D765F3 /* jk26.png */ = {isa = PBXFileReference; lastKnownFileType = image.png; path = jk26.png; sourceTree = "<group>"; };
		7706DC7B172906E900D765F3 /* jk27.png */ = {isa = PBXFileReference; lastKnownFileType = image.png; path = jk27.png; sourceTree = "<group>"; };
		7706DC7C172906E900D765F3 /* jk28.png */ = {isa = PBXFileReference; lastKnownFileType = image.png; path = jk28.png; sourceTree = "<group>"; };
		7706DC7D172906E900D765F3 /* jk29.png */ = {isa = PBXFileReference; lastKnownFileType = image.png; path = jk29.png; sourceTree = "<group>"; };
		7706DC7E172906E900D765F3 /* jk30.png */ = {isa = PBXFileReference; lastKnownFileType = image.png; path = jk30.png; sourceTree = "<group>"; };
/* End PBXFileReference section */

/* Begin PBXFrameworksBuildPhase section */
		7706DC331728FD2D00D765F3 /* Frameworks */ = {
			isa = PBXFrameworksBuildPhase;
			buildActionMask = 2147483647;
			files = (
				7706DC3A1728FD2D00D765F3 /* UIKit.framework in Frameworks */,
				7706DC3C1728FD2D00D765F3 /* Foundation.framework in Frameworks */,
				7706DC3E1728FD2D00D765F3 /* CoreGraphics.framework in Frameworks */,
			);
			runOnlyForDeploymentPostprocessing = 0;
		};
/* End PBXFrameworksBuildPhase section */

/* Begin PBXGroup section */
		7706DC2D1728FD2C00D765F3 = {
			isa = PBXGroup;
			children = (
				7706DC3F1728FD2D00D765F3 /* DDFTextView */,
				7706DC381728FD2D00D765F3 /* Frameworks */,
				7706DC371728FD2D00D765F3 /* Products */,
			);
			sourceTree = "<group>";
		};
		7706DC371728FD2D00D765F3 /* Products */ = {
			isa = PBXGroup;
			children = (
				7706DC361728FD2D00D765F3 /* DDFTextView.app */,
			);
			name = Products;
			sourceTree = "<group>";
		};
		7706DC381728FD2D00D765F3 /* Frameworks */ = {
			isa = PBXGroup;
			children = (
				7706DC391728FD2D00D765F3 /* UIKit.framework */,
				7706DC3B1728FD2D00D765F3 /* Foundation.framework */,
				7706DC3D1728FD2D00D765F3 /* CoreGraphics.framework */,
			);
			name = Frameworks;
			sourceTree = "<group>";
		};
		7706DC3F1728FD2D00D765F3 /* DDFTextView */ = {
			isa = PBXGroup;
			children = (
				7706DC481728FD2D00D765F3 /* AppDelegate.h */,
				7706DC491728FD2D00D765F3 /* AppDelegate.m */,
				7706DC511728FD2D00D765F3 /* ViewController.h */,
				7706DC521728FD2D00D765F3 /* ViewController.m */,
				7706DC541728FD2D00D765F3 /* ViewController.xib */,
				7706DC5C1728FD4700D765F3 /* DDFTextView.h */,
				7706DC5D1728FD4700D765F3 /* DDFTextView.m */,
				7706DC5F172906E900D765F3 /* 表情 */,
				7706DC401728FD2D00D765F3 /* Supporting Files */,
			);
			path = DDFTextView;
			sourceTree = "<group>";
		};
		7706DC401728FD2D00D765F3 /* Supporting Files */ = {
			isa = PBXGroup;
			children = (
				7706DC411728FD2D00D765F3 /* DDFTextView-Info.plist */,
				7706DC421728FD2D00D765F3 /* InfoPlist.strings */,
				7706DC451728FD2D00D765F3 /* main.m */,
				7706DC471728FD2D00D765F3 /* DDFTextView-Prefix.pch */,
				7706DC4B1728FD2D00D765F3 /* Default.png */,
				7706DC4D1728FD2D00D765F3 /* Default@2x.png */,
				7706DC4F1728FD2D00D765F3 /* Default-568h@2x.png */,
			);
			name = "Supporting Files";
			sourceTree = "<group>";
		};
		7706DC5F172906E900D765F3 /* 表情 */ = {
			isa = PBXGroup;
			children = (
				7706DC60172906E900D765F3 /* faceMap.plist */,
				7706DC61172906E900D765F3 /* jk01.png */,
				7706DC62172906E900D765F3 /* jk02.png */,
				7706DC63172906E900D765F3 /* jk03.png */,
				7706DC64172906E900D765F3 /* jk04.png */,
				7706DC65172906E900D765F3 /* jk05.png */,
				7706DC66172906E900D765F3 /* jk06.png */,
				7706DC67172906E900D765F3 /* jk07.png */,
				7706DC68172906E900D765F3 /* jk08.png */,
				7706DC69172906E900D765F3 /* jk09.png */,
				7706DC6A172906E900D765F3 /* jk10.png */,
				7706DC6B172906E900D765F3 /* jk11.png */,
				7706DC6C172906E900D765F3 /* jk12.png */,
				7706DC6D172906E900D765F3 /* jk13.png */,
				7706DC6E172906E900D765F3 /* jk14.png */,
				7706DC6F172906E900D765F3 /* jk15.png */,
				7706DC70172906E900D765F3 /* jk16.png */,
				7706DC71172906E900D765F3 /* jk17.png */,
				7706DC72172906E900D765F3 /* jk18.png */,
				7706DC73172906E900D765F3 /* jk19.png */,
				7706DC74172906E900D765F3 /* jk20.png */,
				7706DC75172906E900D765F3 /* jk21.png */,
				7706DC76172906E900D765F3 /* jk22.png */,
				7706DC77172906E900D765F3 /* jk23.png */,
				7706DC78172906E900D765F3 /* jk24.png */,
				7706DC79172906E900D765F3 /* jk25.png */,
				7706DC7A172906E900D765F3 /* jk26.png */,
				7706DC7B172906E900D765F3 /* jk27.png */,
				7706DC7C172906E900D765F3 /* jk28.png */,
				7706DC7D172906E900D765F3 /* jk29.png */,
				7706DC7E172906E900D765F3 /* jk30.png */,
			);
			path = "表情";
			sourceTree = "<group>";
		};
/* End PBXGroup section */

/* Begin PBXNativeTarget section */
		7706DC351728FD2D00D765F3 /* DDFTextView */ = {
			isa = PBXNativeTarget;
			buildConfigurationList = 7706DC591728FD2D00D765F3 /* Build configuration list for PBXNativeTarget "DDFTextView" */;
			buildPhases = (
				7706DC321728FD2D00D765F3 /* Sources */,
				7706DC331728FD2D00D765F3 /* Frameworks */,
				7706DC341728FD2D00D765F3 /* Resources */,
			);
			buildRules = (
			);
			dependencies = (
			);
			name = DDFTextView;
			productName = DDFTextView;
			productReference = 7706DC361728FD2D00D765F3 /* DDFTextView.app */;
			productType = "com.apple.product-type.application";
		};
/* End PBXNativeTarget section */

/* Begin PBXProject section */
		7706DC2E1728FD2C00D765F3 /* Project object */ = {
			isa = PBXProject;
			attributes = {
				LastUpgradeCheck = 0460;
				ORGANIZATIONNAME = "董德富";
			};
			buildConfigurationList = 7706DC311728FD2C00D765F3 /* Build configuration list for PBXProject "DDFTextView" */;
			compatibilityVersion = "Xcode 3.2";
			developmentRegion = English;
			hasScannedForEncodings = 0;
			knownRegions = (
				en,
			);
			mainGroup = 7706DC2D1728FD2C00D765F3;
			productRefGroup = 7706DC371728FD2D00D765F3 /* Products */;
			projectDirPath = "";
			projectRoot = "";
			targets = (
				7706DC351728FD2D00D765F3 /* DDFTextView */,
			);
		};
/* End PBXProject section */

/* Begin PBXResourcesBuildPhase section */
		7706DC341728FD2D00D765F3 /* Resources */ = {
			isa = PBXResourcesBuildPhase;
			buildActionMask = 2147483647;
			files = (
				7706DC441728FD2D00D765F3 /* InfoPlist.strings in Resources */,
				7706DC4C1728FD2D00D765F3 /* Default.png in Resources */,
				7706DC4E1728FD2D00D765F3 /* Default@2x.png in Resources */,
				7706DC501728FD2D00D765F3 /* Default-568h@2x.png in Resources */,
				7706DC561728FD2D00D765F3 /* ViewController.xib in Resources */,
				7706DC7F172906E900D765F3 /* faceMap.plist in Resources */,
				7706DC80172906E900D765F3 /* jk01.png in Resources */,
				7706DC81172906E900D765F3 /* jk02.png in Resources */,
				7706DC82172906E900D765F3 /* jk03.png in Resources */,
				7706DC83172906E900D765F3 /* jk04.png in Resources */,
				7706DC84172906E900D765F3 /* jk05.png in Resources */,
				7706DC85172906E900D765F3 /* jk06.png in Resources */,
				7706DC86172906E900D765F3 /* jk07.png in Resources */,
				7706DC87172906E900D765F3 /* jk08.png in Resources */,
				7706DC88172906E900D765F3 /* jk09.png in Resources */,
				7706DC89172906E900D765F3 /* jk10.png in Resources */,
				7706DC8A172906E900D765F3 /* jk11.png in Resources */,
				7706DC8B172906E900D765F3 /* jk12.png in Resources */,
				7706DC8C172906E900D765F3 /* jk13.png in Resources */,
				7706DC8D172906E900D765F3 /* jk14.png in Resources */,
				7706DC8E172906E900D765F3 /* jk15.png in Resources */,
				7706DC8F172906E900D765F3 /* jk16.png in Resources */,
				7706DC90172906E900D765F3 /* jk17.png in Resources */,
				7706DC91172906E900D765F3 /* jk18.png in Resources */,
				7706DC92172906E900D765F3 /* jk19.png in Resources */,
				7706DC93172906E900D765F3 /* jk20.png in Resources */,
				7706DC94172906E900D765F3 /* jk21.png in Resources */,
				7706DC95172906E900D765F3 /* jk22.png in Resources */,
				7706DC96172906E900D765F3 /* jk23.png in Resources */,
				7706DC97172906E900D765F3 /* jk24.png in Resources */,
				7706DC98172906E900D765F3 /* jk25.png in Resources */,
				7706DC99172906E900D765F3 /* jk26.png in Resources */,
				7706DC9A172906E900D765F3 /* jk27.png in Resources */,
				7706DC9B172906E900D765F3 /* jk28.png in Resources */,
				7706DC9C172906E900D765F3 /* jk29.png in Resources */,
				7706DC9D172906E900D765F3 /* jk30.png in Resources */,
			);
			runOnlyForDeploymentPostprocessing = 0;
		};
/* End PBXResourcesBuildPhase section */

/* Begin PBXSourcesBuildPhase section */
		7706DC321728FD2D00D765F3 /* Sources */ = {
			isa = PBXSourcesBuildPhase;
			buildActionMask = 2147483647;
			files = (
				7706DC461728FD2D00D765F3 /* main.m in Sources */,
				7706DC4A1728FD2D00D765F3 /* AppDelegate.m in Sources */,
				7706DC531728FD2D00D765F3 /* ViewController.m in Sources */,
				7706DC5E1728FD4700D765F3 /* DDFTextView.m in Sources */,
			);
			runOnlyForDeploymentPostprocessing = 0;
		};
/* End PBXSourcesBuildPhase section */

/* Begin PBXVariantGroup section */
		7706DC421728FD2D00D765F3 /* InfoPlist.strings */ = {
			isa = PBXVariantGroup;
			children = (
				7706DC431728FD2D00D765F3 /* en */,
			);
			name = InfoPlist.strings;
			sourceTree = "<group>";
		};
		7706DC541728FD2D00D765F3 /* ViewController.xib */ = {
			isa = PBXVariantGroup;
			children = (
				7706DC551728FD2D00D765F3 /* en */,
			);
			name = ViewController.xib;
			sourceTree = "<group>";
		};
/* End PBXVariantGroup section */

/* Begin XCBuildConfiguration section */
		7706DC571728FD2D00D765F3 /* Debug */ = {
			isa = XCBuildConfiguration;
			buildSettings = {
				ALWAYS_SEARCH_USER_PATHS = NO;
				CLANG_CXX_LANGUAGE_STANDARD = "gnu++0x";
				CLANG_CXX_LIBRARY = "libc++";
				CLANG_WARN_CONSTANT_CONVERSION = YES;
				CLANG_WARN_EMPTY_BODY = YES;
				CLANG_WARN_ENUM_CONVERSION = YES;
				CLANG_WARN_INT_CONVERSION = YES;
				CLANG_WARN__DUPLICATE_METHOD_MATCH = YES;
				"CODE_SIGN_IDENTITY[sdk=iphoneos*]" = "iPhone Developer";
				COPY_PHASE_STRIP = NO;
				GCC_C_LANGUAGE_STANDARD = gnu99;
				GCC_DYNAMIC_NO_PIC = NO;
				GCC_OPTIMIZATION_LEVEL = 0;
				GCC_PREPROCESSOR_DEFINITIONS = (
					"DEBUG=1",
					"$(inherited)",
				);
				GCC_SYMBOLS_PRIVATE_EXTERN = NO;
				GCC_WARN_ABOUT_RETURN_TYPE = YES;
				GCC_WARN_UNINITIALIZED_AUTOS = YES;
				GCC_WARN_UNUSED_VARIABLE = YES;
				IPHONEOS_DEPLOYMENT_TARGET = 6.1;
				ONLY_ACTIVE_ARCH = YES;
				SDKROOT = iphoneos;
			};
			name = Debug;
		};
		7706DC581728FD2D00D765F3 /* Release */ = {
			isa = XCBuildConfiguration;
			buildSettings = {
				ALWAYS_SEARCH_USER_PATHS = NO;
				CLANG_CXX_LANGUAGE_STANDARD = "gnu++0x";
				CLANG_CXX_LIBRARY = "libc++";
				CLANG_WARN_CONSTANT_CONVERSION = YES;
				CLANG_WARN_EMPTY_BODY = YES;
				CLANG_WARN_ENUM_CONVERSION = YES;
				CLANG_WARN_INT_CONVERSION = YES;
				CLANG_WARN__DUPLICATE_METHOD_MATCH = YES;
				"CODE_SIGN_IDENTITY[sdk=iphoneos*]" = "iPhone Developer";
				COPY_PHASE_STRIP = YES;
				GCC_C_LANGUAGE_STANDARD = gnu99;
				GCC_WARN_ABOUT_RETURN_TYPE = YES;
				GCC_WARN_UNINITIALIZED_AUTOS = YES;
				GCC_WARN_UNUSED_VARIABLE = YES;
				IPHONEOS_DEPLOYMENT_TARGET = 6.1;
				OTHER_CFLAGS = "-DNS_BLOCK_ASSERTIONS=1";
				SDKROOT = iphoneos;
				VALIDATE_PRODUCT = YES;
			};
			name = Release;
		};
		7706DC5A1728FD2D00D765F3 /* Debug */ = {
			isa = XCBuildConfiguration;
			buildSettings = {
				GCC_PRECOMPILE_PREFIX_HEADER = YES;
				GCC_PREFIX_HEADER = "DDFTextView/DDFTextView-Prefix.pch";
				INFOPLIST_FILE = "DDFTextView/DDFTextView-Info.plist";
				PRODUCT_NAME = "$(TARGET_NAME)";
				WRAPPER_EXTENSION = app;
			};
			name = Debug;
		};
		7706DC5B1728FD2D00D765F3 /* Release */ = {
			isa = XCBuildConfiguration;
			buildSettings = {
				GCC_PRECOMPILE_PREFIX_HEADER = YES;
				GCC_PREFIX_HEADER = "DDFTextView/DDFTextView-Prefix.pch";
				INFOPLIST_FILE = "DDFTextView/DDFTextView-Info.plist";
				PRODUCT_NAME = "$(TARGET_NAME)";
				WRAPPER_EXTENSION = app;
			};
			name = Release;
		};
/* End XCBuildConfiguration section */

/* Begin XCConfigurationList section */
		7706DC311728FD2C00D765F3 /* Build configuration list for PBXProject "DDFTextView" */ = {
			isa = XCConfigurationList;
			buildConfigurations = (
				7706DC571728FD2D00D765F3 /* Debug */,
				7706DC581728FD2D00D765F3 /* Release */,
			);
			defaultConfigurationIsVisible = 0;
			defaultConfigurationName = Release;
		};
		7706DC591728FD2D00D765F3 /* Build configuration list for PBXNativeTarget "DDFTextView" */ = {
			isa = XCConfigurationList;
			buildConfigurations = (
				7706DC5A1728FD2D00D765F3 /* Debug */,
				7706DC5B1728FD2D00D765F3 /* Release */,
			);
			defaultConfigurationIsVisible = 0;
		};
/* End XCConfigurationList section */
	};
	rootObject = 7706DC2E1728FD2C00D765F3 /* Project object */;
}
